
Microsoft Visual Studio Solution File, Format Version 12.00
# Visual Studio 15
VisualStudioVersion = 15.0.27703.2042
MinimumVisualStudioVersion = 10.0.40219.1
Project("{FAE04EC0-301F-11D3-BF4B-00C04F79EFBC}") = "HPPPay", "HPPPay\HPPPay.csproj", "{D4B506DA-1D1A-4DA1-907D-5EDB9DA4D6BE}"
EndProject
Global
	GlobalSection(SolutionConfigurationPlatforms) = preSolution
		Debug|Any CPU = Debug|Any CPU
		Release|Any CPU = Release|Any CPU
	EndGlobalSection
	GlobalSection(ProjectConfigurationPlatforms) = postSolution
		{D4B506DA-1D1A-4DA1-907D-5EDB9DA4D6BE}.Debug|Any CPU.ActiveCfg = Debug|Any CPU
		{D4B506DA-1D1A-4DA1-907D-5EDB9DA4D6BE}.Debug|Any CPU.Build.0 = Debug|Any CPU
		{D4B506DA-1D1A-4DA1-907D-5EDB9DA4D6BE}.Release|Any CPU.ActiveCfg = Release|Any CPU
		{D4B506DA-1D1A-4DA1-907D-5EDB9DA4D6BE}.Release|Any CPU.Build.0 = Release|Any CPU
	EndGlobalSection
	GlobalSection(SolutionProperties) = preSolution
		HideSolutionNode = FALSE
	EndGlobalSection
	GlobalSection(ExtensibilityGlobals) = postSolution
		SolutionGuid = {DAAC1083-FECF-4DD0-9C83-FE3013D706CC}
	EndGlobalSection
EndGlobal
